// !$*UTF8*$!
{
	archiveVersion = 1;
	classes = {
	};
	objectVersion = 56;
	objects = {

/* Begin PBXBuildFile section */
		181F8F292C120244007AC73D /* AppDelegate.swift in Sources */ = {isa = PBXBuildFile; fileRef = 181F8F282C120244007AC73D /* AppDelegate.swift */; };
		181F8F2B2C120244007AC73D /* SceneDelegate.swift in Sources */ = {isa = PBXBuildFile; fileRef = 181F8F2A2C120244007AC73D /* SceneDelegate.swift */; };
		181F8F2D2C120244007AC73D /* ViewController.swift in Sources */ = {isa = PBXBuildFile; fileRef = 181F8F2C2C120244007AC73D /* ViewController.swift */; };
		181F8F302C120244007AC73D /* Main.storyboard in Resources */ = {isa = PBXBuildFile; fileRef = 181F8F2E2C120244007AC73D /* Main.storyboard */; };
		181F8F322C120247007AC73D /* Assets.xcassets in Resources */ = {isa = PBXBuildFile; fileRef = 181F8F312C120247007AC73D /* Assets.xcassets */; };
		181F8F352C120247007AC73D /* LaunchScreen.storyboard in Resources */ = {isa = PBXBuildFile; fileRef = 181F8F332C120247007AC73D /* LaunchScreen.storyboard */; };
		181F8F402C120247007AC73D /* Recipes_VaultTests.swift in Sources */ = {isa = PBXBuildFile; fileRef = 181F8F3F2C120247007AC73D /* Recipes_VaultTests.swift */; };
		181F8F4A2C120247007AC73D /* Recipes_VaultUITests.swift in Sources */ = {isa = PBXBuildFile; fileRef = 181F8F492C120247007AC73D /* Recipes_VaultUITests.swift */; };
		181F8F4C2C120247007AC73D /* Recipes_VaultUITestsLaunchTests.swift in Sources */ = {isa = PBXBuildFile; fileRef = 181F8F4B2C120247007AC73D /* Recipes_VaultUITestsLaunchTests.swift */; };
/* End PBXBuildFile section */

/* Begin PBXContainerItemProxy section */
		181F8F3C2C120247007AC73D /* PBXContainerItemProxy */ = {
			isa = PBXContainerItemProxy;
			containerPortal = 181F8F1D2C120244007AC73D /* Project object */;
			proxyType = 1;
			remoteGlobalIDString = 181F8F242C120244007AC73D;
			remoteInfo = "Recipes Vault";
		};
		181F8F462C120247007AC73D /* PBXContainerItemProxy */ = {
			isa = PBXContainerItemProxy;
			containerPortal = 181F8F1D2C120244007AC73D /* Project object */;
			proxyType = 1;
			remoteGlobalIDString = 181F8F242C120244007AC73D;
			remoteInfo = "Recipes Vault";
		};
/* End PBXContainerItemProxy section */

/* Begin PBXFileReference section */
		181F8F252C120244007AC73D /* Recipes Vault.app */ = {isa = PBXFileReference; explicitFileType = wrapper.application; includeInIndex = 0; path = "Recipes Vault.app"; sourceTree = BUILT_PRODUCTS_DIR; };
		181F8F282C120244007AC73D /* AppDelegate.swift */ = {isa = PBXFileReference; lastKnownFileType = sourcecode.swift; path = AppDelegate.swift; sourceTree = "<group>"; };
		181F8F2A2C120244007AC73D /* SceneDelegate.swift */ = {isa = PBXFileReference; lastKnownFileType = sourcecode.swift; path = SceneDelegate.swift; sourceTree = "<group>"; };
		181F8F2C2C120244007AC73D /* ViewController.swift */ = {isa = PBXFileReference; lastKnownFileType = sourcecode.swift; path = ViewController.swift; sourceTree = "<group>"; };
		181F8F2F2C120244007AC73D /* Base */ = {isa = PBXFileReference; lastKnownFileType = file.storyboard; name = Base; path = Base.lproj/Main.storyboard; sourceTree = "<group>"; };
		181F8F312C120247007AC73D /* Assets.xcassets */ = {isa = PBXFileReference; lastKnownFileType = folder.assetcatalog; path = Assets.xcassets; sourceTree = "<group>"; };
		181F8F342C120247007AC73D /* Base */ = {isa = PBXFileReference; lastKnownFileType = file.storyboard; name = Base; path = Base.lproj/LaunchScreen.storyboard; sourceTree = "<group>"; };
		181F8F362C120247007AC73D /* Info.plist */ = {isa = PBXFileReference; lastKnownFileType = text.plist.xml; path = Info.plist; sourceTree = "<group>"; };
		181F8F3B2C120247007AC73D /* Recipes VaultTests.xctest */ = {isa = PBXFileReference; explicitFileType = wrapper.cfbundle; includeInIndex = 0; path = "Recipes VaultTests.xctest"; sourceTree = BUILT_PRODUCTS_DIR; };
		181F8F3F2C120247007AC73D /* Recipes_VaultTests.swift */ = {isa = PBXFileReference; lastKnownFileType = sourcecode.swift; path = Recipes_VaultTests.swift; sourceTree = "<group>"; };
		181F8F452C120247007AC73D /* Recipes VaultUITests.xctest */ = {isa = PBXFileReference; explicitFileType = wrapper.cfbundle; includeInIndex = 0; path = "Recipes VaultUITests.xctest"; sourceTree = BUILT_PRODUCTS_DIR; };
		181F8F492C120247007AC73D /* Recipes_VaultUITests.swift */ = {isa = PBXFileReference; lastKnownFileType = sourcecode.swift; path = Recipes_VaultUITests.swift; sourceTree = "<group>"; };
		181F8F4B2C120247007AC73D /* Recipes_VaultUITestsLaunchTests.swift */ = {isa = PBXFileReference; lastKnownFileType = sourcecode.swift; path = Recipes_VaultUITestsLaunchTests.swift; sourceTree = "<group>"; };
/* End PBXFileReference section */

/* Begin PBXFrameworksBuildPhase section */
		181F8F222C120244007AC73D /* Frameworks */ = {
			isa = PBXFrameworksBuildPhase;
			buildActionMask = 2147483647;
			files = (
			);
			runOnlyForDeploymentPostprocessing = 0;
		};
		181F8F382C120247007AC73D /* Frameworks */ = {
			isa = PBXFrameworksBuildPhase;
			buildActionMask = 2147483647;
			files = (
			);
			runOnlyForDeploymentPostprocessing = 0;
		};
		181F8F422C120247007AC73D /* Frameworks */ = {
			isa = PBXFrameworksBuildPhase;
			buildActionMask = 2147483647;
			files = (
			);
			runOnlyForDeploymentPostprocessing = 0;
		};
/* End PBXFrameworksBuildPhase section */

/* Begin PBXGroup section */
		181F8F1C2C120244007AC73D = {
			isa = PBXGroup;
			children = (
				181F8F272C120244007AC73D /* Recipes Vault */,
				181F8F3E2C120247007AC73D /* Recipes VaultTests */,
				181F8F482C120247007AC73D /* Recipes VaultUITests */,
				181F8F262C120244007AC73D /* Products */,
			);
			sourceTree = "<group>";
		};
		181F8F262C120244007AC73D /* Products */ = {
			isa = PBXGroup;
			children = (
				181F8F252C120244007AC73D /* Recipes Vault.app */,
				181F8F3B2C120247007AC73D /* Recipes VaultTests.xctest */,
				181F8F452C120247007AC73D /* Recipes VaultUITests.xctest */,
			);
			name = Products;
			sourceTree = "<group>";
		};
		181F8F272C120244007AC73D /* Recipes Vault */ = {
			isa = PBXGroup;
			children = (
				181F8F282C120244007AC73D /* AppDelegate.swift */,
				181F8F2A2C120244007AC73D /* SceneDelegate.swift */,
				181F8F2C2C120244007AC73D /* ViewController.swift */,
				181F8F2E2C120244007AC73D /* Main.storyboard */,
				181F8F312C120247007AC73D /* Assets.xcassets */,
				181F8F332C120247007AC73D /* LaunchScreen.storyboard */,
				181F8F362C120247007AC73D /* Info.plist */,
			);
			path = "Recipes Vault";
			sourceTree = "<group>";
		};
		181F8F3E2C120247007AC73D /* Recipes VaultTests */ = {
			isa = PBXGroup;
			children = (
				181F8F3F2C120247007AC73D /* Recipes_VaultTests.swift */,
			);
			path = "Recipes VaultTests";
			sourceTree = "<group>";
		};
		181F8F482C120247007AC73D /* Recipes VaultUITests */ = {
			isa = PBXGroup;
			children = (
				181F8F492C120247007AC73D /* Recipes_VaultUITests.swift */,
				181F8F4B2C120247007AC73D /* Recipes_VaultUITestsLaunchTests.swift */,
			);
			path = "Recipes VaultUITests";
			sourceTree = "<group>";
		};
/* End PBXGroup section */

/* Begin PBXNativeTarget section */
		181F8F242C120244007AC73D /* Recipes Vault */ = {
			isa = PBXNativeTarget;
			buildConfigurationList = 181F8F4F2C120248007AC73D /* Build configuration list for PBXNativeTarget "Recipes Vault" */;
			buildPhases = (
				181F8F212C120244007AC73D /* Sources */,
				181F8F222C120244007AC73D /* Frameworks */,
				181F8F232C120244007AC73D /* Resources */,
			);
			buildRules = (
			);
			dependencies = (
			);
			name = "Recipes Vault";
			productName = "Recipes Vault";
			productReference = 181F8F252C120244007AC73D /* Recipes Vault.app */;
			productType = "com.apple.product-type.application";
		};
		181F8F3A2C120247007AC73D /* Recipes VaultTests */ = {
			isa = PBXNativeTarget;
			buildConfigurationList = 181F8F522C120248007AC73D /* Build configuration list for PBXNativeTarget "Recipes VaultTests" */;
			buildPhases = (
				181F8F372C120247007AC73D /* Sources */,
				181F8F382C120247007AC73D /* Frameworks */,
				181F8F392C120247007AC73D /* Resources */,
			);
			buildRules = (
			);
			dependencies = (
				181F8F3D2C120247007AC73D /* PBXTargetDependency */,
			);
			name = "Recipes VaultTests";
			productName = "Recipes VaultTests";
			productReference = 181F8F3B2C120247007AC73D /* Recipes VaultTests.xctest */;
			productType = "com.apple.product-type.bundle.unit-test";
		};
		181F8F442C120247007AC73D /* Recipes VaultUITests */ = {
			isa = PBXNativeTarget;
			buildConfigurationList = 181F8F552C120248007AC73D /* Build configuration list for PBXNativeTarget "Recipes VaultUITests" */;
			buildPhases = (
				181F8F412C120247007AC73D /* Sources */,
				181F8F422C120247007AC73D /* Frameworks */,
				181F8F432C120247007AC73D /* Resources */,
			);
			buildRules = (
			);
			dependencies = (
				181F8F472C120247007AC73D /* PBXTargetDependency */,
			);
			name = "Recipes VaultUITests";
			productName = "Recipes VaultUITests";
			productReference = 181F8F452C120247007AC73D /* Recipes VaultUITests.xctest */;
			productType = "com.apple.product-type.bundle.ui-testing";
		};
/* End PBXNativeTarget section */

/* Begin PBXProject section */
		181F8F1D2C120244007AC73D /* Project object */ = {
			isa = PBXProject;
			attributes = {
				BuildIndependentTargetsInParallel = 1;
				LastSwiftUpdateCheck = 1420;
				LastUpgradeCheck = 1420;
				TargetAttributes = {
					181F8F242C120244007AC73D = {
						CreatedOnToolsVersion = 14.2;
					};
					181F8F3A2C120247007AC73D = {
						CreatedOnToolsVersion = 14.2;
						TestTargetID = 181F8F242C120244007AC73D;
					};
					181F8F442C120247007AC73D = {
						CreatedOnToolsVersion = 14.2;
						TestTargetID = 181F8F242C120244007AC73D;
					};
				};
			};
			buildConfigurationList = 181F8F202C120244007AC73D /* Build configuration list for PBXProject "Recipes Vault" */;
			compatibilityVersion = "Xcode 14.0";
			developmentRegion = en;
			hasScannedForEncodings = 0;
			knownRegions = (
				en,
				Base,
			);
			mainGroup = 181F8F1C2C120244007AC73D;
			productRefGroup = 181F8F262C120244007AC73D /* Products */;
			projectDirPath = "";
			projectRoot = "";
			targets = (
				181F8F242C120244007AC73D /* Recipes Vault */,
				181F8F3A2C120247007AC73D /* Recipes VaultTests */,
				181F8F442C120247007AC73D /* Recipes VaultUITests */,
			);
		};
/* End PBXProject section */

/* Begin PBXResourcesBuildPhase section */
		181F8F232C120244007AC73D /* Resources */ = {
			isa = PBXResourcesBuildPhase;
			buildActionMask = 2147483647;
			files = (
				181F8F352C120247007AC73D /* LaunchScreen.storyboard in Resources */,
				181F8F322C120247007AC73D /* Assets.xcassets in Resources */,
				181F8F302C120244007AC73D /* Main.storyboard in Resources */,
			);
			runOnlyForDeploymentPostprocessing = 0;
		};
		181F8F392C120247007AC73D /* Resources */ = {
			isa = PBXResourcesBuildPhase;
			buildActionMask = 2147483647;
			files = (
			);
			runOnlyForDeploymentPostprocessing = 0;
		};
		181F8F432C120247007AC73D /* Resources */ = {
			isa = PBXResourcesBuildPhase;
			buildActionMask = 2147483647;
			files = (
			);
			runOnlyForDeploymentPostprocessing = 0;
		};
/* End PBXResourcesBuildPhase section */

/* Begin PBXSourcesBuildPhase section */
		181F8F212C120244007AC73D /* Sources */ = {
			isa = PBXSourcesBuildPhase;
			buildActionMask = 2147483647;
			files = (
				181F8F2D2C120244007AC73D /* ViewController.swift in Sources */,
				181F8F292C120244007AC73D /* AppDelegate.swift in Sources */,
				181F8F2B2C120244007AC73D /* SceneDelegate.swift in Sources */,
			);
			runOnlyForDeploymentPostprocessing = 0;
		};
		181F8F372C120247007AC73D /* Sources */ = {
			isa = PBXSourcesBuildPhase;
			buildActionMask = 2147483647;
			files = (
				181F8F402C120247007AC73D /* Recipes_VaultTests.swift in Sources */,
			);
			runOnlyForDeploymentPostprocessing = 0;
		};
		181F8F412C120247007AC73D /* Sources */ = {
			isa = PBXSourcesBuildPhase;
			buildActionMask = 2147483647;
			files = (
				181F8F4A2C120247007AC73D /* Recipes_VaultUITests.swift in Sources */,
				181F8F4C2C120247007AC73D /* Recipes_VaultUITestsLaunchTests.swift in Sources */,
			);
			runOnlyForDeploymentPostprocessing = 0;
		};
/* End PBXSourcesBuildPhase section */

/* Begin PBXTargetDependency section */
		181F8F3D2C120247007AC73D /* PBXTargetDependency */ = {
			isa = PBXTargetDependency;
			target = 181F8F242C120244007AC73D /* Recipes Vault */;
			targetProxy = 181F8F3C2C120247007AC73D /* PBXContainerItemProxy */;
		};
		181F8F472C120247007AC73D /* PBXTargetDependency */ = {
			isa = PBXTargetDependency;
			target = 181F8F242C120244007AC73D /* Recipes Vault */;
			targetProxy = 181F8F462C120247007AC73D /* PBXContainerItemProxy */;
		};
/* End PBXTargetDependency section */

/* Begin PBXVariantGroup section */
		181F8F2E2C120244007AC73D /* Main.storyboard */ = {
			isa = PBXVariantGroup;
			children = (
				181F8F2F2C120244007AC73D /* Base */,
			);
			name = Main.storyboard;
			sourceTree = "<group>";
		};
		181F8F332C120247007AC73D /* LaunchScreen.storyboard */ = {
			isa = PBXVariantGroup;
			children = (
				181F8F342C120247007AC73D /* Base */,
			);
			name = LaunchScreen.storyboard;
			sourceTree = "<group>";
		};
/* End PBXVariantGroup section */

/* Begin XCBuildConfiguration section */
		181F8F4D2C120248007AC73D /* Debug */ = {
			isa = XCBuildConfiguration;
			buildSettings = {
				ALWAYS_SEARCH_USER_PATHS = NO;
				CLANG_ANALYZER_NONNULL = YES;
				CLANG_ANALYZER_NUMBER_OBJECT_CONVERSION = YES_AGGRESSIVE;
				CLANG_CXX_LANGUAGE_STANDARD = "gnu++20";
				CLANG_ENABLE_MODULES = YES;
				CLANG_ENABLE_OBJC_ARC = YES;
				CLANG_ENABLE_OBJC_WEAK = YES;
				CLANG_WARN_BLOCK_CAPTURE_AUTORELEASING = YES;
				CLANG_WARN_BOOL_CONVERSION = YES;
				CLANG_WARN_COMMA = YES;
				CLANG_WARN_CONSTANT_CONVERSION = YES;
				CLANG_WARN_DEPRECATED_OBJC_IMPLEMENTATIONS = YES;
				CLANG_WARN_DIRECT_OBJC_ISA_USAGE = YES_ERROR;
				CLANG_WARN_DOCUMENTATION_COMMENTS = YES;
				CLANG_WARN_EMPTY_BODY = YES;
				CLANG_WARN_ENUM_CONVERSION = YES;
				CLANG_WARN_INFINITE_RECURSION = YES;
				CLANG_WARN_INT_CONVERSION = YES;
				CLANG_WARN_NON_LITERAL_NULL_CONVERSION = YES;
				CLANG_WARN_OBJC_IMPLICIT_RETAIN_SELF = YES;
				CLANG_WARN_OBJC_LITERAL_CONVERSION = YES;
				CLANG_WARN_OBJC_ROOT_CLASS = YES_ERROR;
				CLANG_WARN_QUOTED_INCLUDE_IN_FRAMEWORK_HEADER = YES;
				CLANG_WARN_RANGE_LOOP_ANALYSIS = YES;
				CLANG_WARN_STRICT_PROTOTYPES = YES;
				CLANG_WARN_SUSPICIOUS_MOVE = YES;
				CLANG_WARN_UNGUARDED_AVAILABILITY = YES_AGGRESSIVE;
				CLANG_WARN_UNREACHABLE_CODE = YES;
				CLANG_WARN__DUPLICATE_METHOD_MATCH = YES;
				COPY_PHASE_STRIP = NO;
				DEBUG_INFORMATION_FORMAT = dwarf;
				ENABLE_STRICT_OBJC_MSGSEND = YES;
				ENABLE_TESTABILITY = YES;
				GCC_C_LANGUAGE_STANDARD = gnu11;
				GCC_DYNAMIC_NO_PIC = NO;
				GCC_NO_COMMON_BLOCKS = YES;
				GCC_OPTIMIZATION_LEVEL = 0;
				GCC_PREPROCESSOR_DEFINITIONS = (
					"DEBUG=1",
					"$(inherited)",
				);
				GCC_WARN_64_TO_32_BIT_CONVERSION = YES;
				GCC_WARN_ABOUT_RETURN_TYPE = YES_ERROR;
				GCC_WARN_UNDECLARED_SELECTOR = YES;
				GCC_WARN_UNINITIALIZED_AUTOS = YES_AGGRESSIVE;
				GCC_WARN_UNUSED_FUNCTION = YES;
				GCC_WARN_UNUSED_VARIABLE = YES;
				IPHONEOS_DEPLOYMENT_TARGET = 16.2;
				MTL_ENABLE_DEBUG_INFO = INCLUDE_SOURCE;
				MTL_FAST_MATH = YES;
				ONLY_ACTIVE_ARCH = YES;
				SDKROOT = iphoneos;
				SWIFT_ACTIVE_COMPILATION_CONDITIONS = DEBUG;
				SWIFT_OPTIMIZATION_LEVEL = "-Onone";
			};
			name = Debug;
		};
		181F8F4E2C120248007AC73D /* Release */ = {
			isa = XCBuildConfiguration;
			buildSettings = {
				ALWAYS_SEARCH_USER_PATHS = NO;
				CLANG_ANALYZER_NONNULL = YES;
				CLANG_ANALYZER_NUMBER_OBJECT_CONVERSION = YES_AGGRESSIVE;
				CLANG_CXX_LANGUAGE_STANDARD = "gnu++20";
				CLANG_ENABLE_MODULES = YES;
				CLANG_ENABLE_OBJC_ARC = YES;
				CLANG_ENABLE_OBJC_WEAK = YES;
				CLANG_WARN_BLOCK_CAPTURE_AUTORELEASING = YES;
				CLANG_WARN_BOOL_CONVERSION = YES;
				CLANG_WARN_COMMA = YES;
				CLANG_WARN_CONSTANT_CONVERSION = YES;
				CLANG_WARN_DEPRECATED_OBJC_IMPLEMENTATIONS = YES;
				CLANG_WARN_DIRECT_OBJC_ISA_USAGE = YES_ERROR;
				CLANG_WARN_DOCUMENTATION_COMMENTS = YES;
				CLANG_WARN_EMPTY_BODY = YES;
				CLANG_WARN_ENUM_CONVERSION = YES;
				CLANG_WARN_INFINITE_RECURSION = YES;
				CLANG_WARN_INT_CONVERSION = YES;
				CLANG_WARN_NON_LITERAL_NULL_CONVERSION = YES;
				CLANG_WARN_OBJC_IMPLICIT_RETAIN_SELF = YES;
				CLANG_WARN_OBJC_LITERAL_CONVERSION = YES;
				CLANG_WARN_OBJC_ROOT_CLASS = YES_ERROR;
				CLANG_WARN_QUOTED_INCLUDE_IN_FRAMEWORK_HEADER = YES;
				CLANG_WARN_RANGE_LOOP_ANALYSIS = YES;
				CLANG_WARN_STRICT_PROTOTYPES = YES;
				CLANG_WARN_SUSPICIOUS_MOVE = YES;
				CLANG_WARN_UNGUARDED_AVAILABILITY = YES_AGGRESSIVE;
				CLANG_WARN_UNREACHABLE_CODE = YES;
				CLANG_WARN__DUPLICATE_METHOD_MATCH = YES;
				COPY_PHASE_STRIP = NO;
				DEBUG_INFORMATION_FORMAT = "dwarf-with-dsym";
				ENABLE_NS_ASSERTIONS = NO;
				ENABLE_STRICT_OBJC_MSGSEND = YES;
				GCC_C_LANGUAGE_STANDARD = gnu11;
				GCC_NO_COMMON_BLOCKS = YES;
				GCC_WARN_64_TO_32_BIT_CONVERSION = YES;
				GCC_WARN_ABOUT_RETURN_TYPE = YES_ERROR;
				GCC_WARN_UNDECLARED_SELECTOR = YES;
				GCC_WARN_UNINITIALIZED_AUTOS = YES_AGGRESSIVE;
				GCC_WARN_UNUSED_FUNCTION = YES;
				GCC_WARN_UNUSED_VARIABLE = YES;
				IPHONEOS_DEPLOYMENT_TARGET = 16.2;
				MTL_ENABLE_DEBUG_INFO = NO;
				MTL_FAST_MATH = YES;
				SDKROOT = iphoneos;
				SWIFT_COMPILATION_MODE = wholemodule;
				SWIFT_OPTIMIZATION_LEVEL = "-O";
				VALIDATE_PRODUCT = YES;
			};
			name = Release;
		};
		181F8F502C120248007AC73D /* Debug */ = {
			isa = XCBuildConfiguration;
			buildSettings = {
				ASSETCATALOG_COMPILER_APPICON_NAME = AppIcon;
				ASSETCATALOG_COMPILER_GLOBAL_ACCENT_COLOR_NAME = AccentColor;
				CODE_SIGN_STYLE = Automatic;
				CURRENT_PROJECT_VERSION = 1;
				GENERATE_INFOPLIST_FILE = YES;
				INFOPLIST_FILE = "Recipes Vault/Info.plist";
				INFOPLIST_KEY_UIApplicationSupportsIndirectInputEvents = YES;
				INFOPLIST_KEY_UILaunchStoryboardName = LaunchScreen;
				INFOPLIST_KEY_UIMainStoryboardFile = Main;
				INFOPLIST_KEY_UISupportedInterfaceOrientations_iPad = "UIInterfaceOrientationPortrait UIInterfaceOrientationPortraitUpsideDown UIInterfaceOrientationLandscapeLeft UIInterfaceOrientationLandscapeRight";
				INFOPLIST_KEY_UISupportedInterfaceOrientations_iPhone = "UIInterfaceOrientationPortrait UIInterfaceOrientationLandscapeLeft UIInterfaceOrientationLandscapeRight";
				LD_RUNPATH_SEARCH_PATHS = (
					"$(inherited)",
					"@executable_path/Frameworks",
				);
				MARKETING_VERSION = 1.0;
				PRODUCT_BUNDLE_IDENTIFIER = "com.apples-MacBook.Recipes-Vault";
				PRODUCT_NAME = "$(TARGET_NAME)";
				SWIFT_EMIT_LOC_STRINGS = YES;
				SWIFT_VERSION = 5.0;
				TARGETED_DEVICE_FAMILY = "1,2";
			};
			name = Debug;
		};
		181F8F512C120248007AC73D /* Release */ = {
			isa = XCBuildConfiguration;
			buildSettings = {
				ASSETCATALOG_COMPILER_APPICON_NAME = AppIcon;
				ASSETCATALOG_COMPILER_GLOBAL_ACCENT_COLOR_NAME = AccentColor;
				CODE_SIGN_STYLE = Automatic;
				CURRENT_PROJECT_VERSION = 1;
				GENERATE_INFOPLIST_FILE = YES;
				INFOPLIST_FILE = "Recipes Vault/Info.plist";
				INFOPLIST_KEY_UIApplicationSupportsIndirectInputEvents = YES;
				INFOPLIST_KEY_UILaunchStoryboardName = LaunchScreen;
				INFOPLIST_KEY_UIMainStoryboardFile = Main;
				INFOPLIST_KEY_UISupportedInterfaceOrientations_iPad = "UIInterfaceOrientationPortrait UIInterfaceOrientationPortraitUpsideDown UIInterfaceOrientationLandscapeLeft UIInterfaceOrientationLandscapeRight";
				INFOPLIST_KEY_UISupportedInterfaceOrientations_iPhone = "UIInterfaceOrientationPortrait UIInterfaceOrientationLandscapeLeft UIInterfaceOrientationLandscapeRight";
				LD_RUNPATH_SEARCH_PATHS = (
					"$(inherited)",
					"@executable_path/Frameworks",
				);
				MARKETING_VERSION = 1.0;
				PRODUCT_BUNDLE_IDENTIFIER = "com.apples-MacBook.Recipes-Vault";
				PRODUCT_NAME = "$(TARGET_NAME)";
				SWIFT_EMIT_LOC_STRINGS = YES;
				SWIFT_VERSION = 5.0;
				TARGETED_DEVICE_FAMILY = "1,2";
			};
			name = Release;
		};
		181F8F532C120248007AC73D /* Debug */ = {
			isa = XCBuildConfiguration;
			buildSettings = {
				ALWAYS_EMBED_SWIFT_STANDARD_LIBRARIES = YES;
				BUNDLE_LOADER = "$(TEST_HOST)";
				CODE_SIGN_STYLE = Automatic;
				CURRENT_PROJECT_VERSION = 1;
				GENERATE_INFOPLIST_FILE = YES;
				IPHONEOS_DEPLOYMENT_TARGET = 16.2;
				MARKETING_VERSION = 1.0;
				PRODUCT_BUNDLE_IDENTIFIER = "com.apples-MacBook.Recipes-VaultTests";
				PRODUCT_NAME = "$(TARGET_NAME)";
				SWIFT_EMIT_LOC_STRINGS = NO;
				SWIFT_VERSION = 5.0;
				TARGETED_DEVICE_FAMILY = "1,2";
				TEST_HOST = "$(BUILT_PRODUCTS_DIR)/Recipes Vault.app/$(BUNDLE_EXECUTABLE_FOLDER_PATH)/Recipes Vault";
			};
			name = Debug;
		};
		181F8F542C120248007AC73D /* Release */ = {
			isa = XCBuildConfiguration;
			buildSettings = {
				ALWAYS_EMBED_SWIFT_STANDARD_LIBRARIES = YES;
				BUNDLE_LOADER = "$(TEST_HOST)";
				CODE_SIGN_STYLE = Automatic;
				CURRENT_PROJECT_VERSION = 1;
				GENERATE_INFOPLIST_FILE = YES;
				IPHONEOS_DEPLOYMENT_TARGET = 16.2;
				MARKETING_VERSION = 1.0;
				PRODUCT_BUNDLE_IDENTIFIER = "com.apples-MacBook.Recipes-VaultTests";
				PRODUCT_NAME = "$(TARGET_NAME)";
				SWIFT_EMIT_LOC_STRINGS = NO;
				SWIFT_VERSION = 5.0;
				TARGETED_DEVICE_FAMILY = "1,2";
				TEST_HOST = "$(BUILT_PRODUCTS_DIR)/Recipes Vault.app/$(BUNDLE_EXECUTABLE_FOLDER_PATH)/Recipes Vault";
			};
			name = Release;
		};
		181F8F562C120248007AC73D /* Debug */ = {
			isa = XCBuildConfiguration;
			buildSettings = {
				ALWAYS_EMBED_SWIFT_STANDARD_LIBRARIES = YES;
				CODE_SIGN_STYLE = Automatic;
				CURRENT_PROJECT_VERSION = 1;
				GENERATE_INFOPLIST_FILE = YES;
				MARKETING_VERSION = 1.0;
				PRODUCT_BUNDLE_IDENTIFIER = "com.apples-MacBook.Recipes-VaultUITests";
				PRODUCT_NAME = "$(TARGET_NAME)";
				SWIFT_EMIT_LOC_STRINGS = NO;
				SWIFT_VERSION = 5.0;
				TARGETED_DEVICE_FAMILY = "1,2";
				TEST_TARGET_NAME = "Recipes Vault";
			};
			name = Debug;
		};
		181F8F572C120248007AC73D /* Release */ = {
			isa = XCBuildConfiguration;
			buildSettings = {
				ALWAYS_EMBED_SWIFT_STANDARD_LIBRARIES = YES;
				CODE_SIGN_STYLE = Automatic;
				CURRENT_PROJECT_VERSION = 1;
				GENERATE_INFOPLIST_FILE = YES;
				MARKETING_VERSION = 1.0;
				PRODUCT_BUNDLE_IDENTIFIER = "com.apples-MacBook.Recipes-VaultUITests";
				PRODUCT_NAME = "$(TARGET_NAME)";
				SWIFT_EMIT_LOC_STRINGS = NO;
				SWIFT_VERSION = 5.0;
				TARGETED_DEVICE_FAMILY = "1,2";
				TEST_TARGET_NAME = "Recipes Vault";
			};
			name = Release;
		};
/* End XCBuildConfiguration section */

/* Begin XCConfigurationList section */
		181F8F202C120244007AC73D /* Build configuration list for PBXProject "Recipes Vault" */ = {
			isa = XCConfigurationList;
			buildConfigurations = (
				181F8F4D2C120248007AC73D /* Debug */,
				181F8F4E2C120248007AC73D /* Release */,
			);
			defaultConfigurationIsVisible = 0;
			defaultConfigurationName = Release;
		};
		181F8F4F2C120248007AC73D /* Build configuration list for PBXNativeTarget "Recipes Vault" */ = {
			isa = XCConfigurationList;
			buildConfigurations = (
				181F8F502C120248007AC73D /* Debug */,
				181F8F512C120248007AC73D /* Release */,
			);
			defaultConfigurationIsVisible = 0;
			defaultConfigurationName = Release;
		};
		181F8F522C120248007AC73D /* Build configuration list for PBXNativeTarget "Recipes VaultTests" */ = {
			isa = XCConfigurationList;
			buildConfigurations = (
				181F8F532C120248007AC73D /* Debug */,
				181F8F542C120248007AC73D /* Release */,
			);
			defaultConfigurationIsVisible = 0;
			defaultConfigurationName = Release;
		};
		181F8F552C120248007AC73D /* Build configuration list for PBXNativeTarget "Recipes VaultUITests" */ = {
			isa = XCConfigurationList;
			buildConfigurations = (
				181F8F562C120248007AC73D /* Debug */,
				181F8F572C120248007AC73D /* Release */,
			);
			defaultConfigurationIsVisible = 0;
			defaultConfigurationName = Release;
		};
/* End XCConfigurationList section */
	};
	rootObject = 181F8F1D2C120244007AC73D /* Project object */;
}
